
Microsoft Visual Studio Solution File, Format Version 12.00
# Visual Studio Version 16
VisualStudioVersion = 16.0.30717.126
MinimumVisualStudioVersion = 10.0.40219.1
Project("{9A19103F-16F7-4668-BE54-9A1E7A4F7556}") = "ChatApi", "ChatApi\ChatApi.csproj", "{43138548-9989-4FC7-A3EC-1F8A063E39E7}"
EndProject
Project("{9A19103F-16F7-4668-BE54-9A1E7A4F7556}") = "ChatClient", "ChatClient\ChatClient.csproj", "{82C5FB1C-C2CC-4AF6-969E-6FBBF85FD43D}"
EndProject
Project("{FAE04EC0-301F-11D3-BF4B-00C04F79EFBC}") = "ChatCoordinator", "ChatCoordinator\ChatCoordinator.csproj", "{B6593C69-0174-4533-8792-A762857B9E37}"
EndProject
Project("{FAE04EC0-301F-11D3-BF4B-00C04F79EFBC}") = "ChatInfrastructure", "ChatInfrastructure\ChatInfrastructure.csproj", "{7198CFEB-6613-41EA-BB19-FED8CDB4EF7B}"
EndProject
Project("{FAE04EC0-301F-11D3-BF4B-00C04F79EFBC}") = "ChatUnitTests", "ChatUnitTests\ChatUnitTests.csproj", "{408C8B79-4C25-4CC6-A497-54BDA2A291C0}"
EndProject
Global
	GlobalSection(SolutionConfigurationPlatforms) = preSolution
		Debug|Any CPU = Debug|Any CPU
		Release|Any CPU = Release|Any CPU
	EndGlobalSection
	GlobalSection(ProjectConfigurationPlatforms) = postSolution
		{43138548-9989-4FC7-A3EC-1F8A063E39E7}.Debug|Any CPU.ActiveCfg = Debug|Any CPU
		{43138548-9989-4FC7-A3EC-1F8A063E39E7}.Debug|Any CPU.Build.0 = Debug|Any CPU
		{43138548-9989-4FC7-A3EC-1F8A063E39E7}.Release|Any CPU.ActiveCfg = Release|Any CPU
		{43138548-9989-4FC7-A3EC-1F8A063E39E7}.Release|Any CPU.Build.0 = Release|Any CPU
		{82C5FB1C-C2CC-4AF6-969E-6FBBF85FD43D}.Debug|Any CPU.ActiveCfg = Debug|Any CPU
		{82C5FB1C-C2CC-4AF6-969E-6FBBF85FD43D}.Debug|Any CPU.Build.0 = Debug|Any CPU
		{82C5FB1C-C2CC-4AF6-969E-6FBBF85FD43D}.Release|Any CPU.ActiveCfg = Release|Any CPU
		{82C5FB1C-C2CC-4AF6-969E-6FBBF85FD43D}.Release|Any CPU.Build.0 = Release|Any CPU
		{B6593C69-0174-4533-8792-A762857B9E37}.Debug|Any CPU.ActiveCfg = Debug|Any CPU
		{B6593C69-0174-4533-8792-A762857B9E37}.Debug|Any CPU.Build.0 = Debug|Any CPU
		{B6593C69-0174-4533-8792-A762857B9E37}.Release|Any CPU.ActiveCfg = Release|Any CPU
		{B6593C69-0174-4533-8792-A762857B9E37}.Release|Any CPU.Build.0 = Release|Any CPU
		{7198CFEB-6613-41EA-BB19-FED8CDB4EF7B}.Debug|Any CPU.ActiveCfg = Debug|Any CPU
		{7198CFEB-6613-41EA-BB19-FED8CDB4EF7B}.Debug|Any CPU.Build.0 = Debug|Any CPU
		{7198CFEB-6613-41EA-BB19-FED8CDB4EF7B}.Release|Any CPU.ActiveCfg = Release|Any CPU
		{7198CFEB-6613-41EA-BB19-FED8CDB4EF7B}.Release|Any CPU.Build.0 = Release|Any CPU
		{408C8B79-4C25-4CC6-A497-54BDA2A291C0}.Debug|Any CPU.ActiveCfg = Debug|Any CPU
		{408C8B79-4C25-4CC6-A497-54BDA2A291C0}.Debug|Any CPU.Build.0 = Debug|Any CPU
		{408C8B79-4C25-4CC6-A497-54BDA2A291C0}.Release|Any CPU.ActiveCfg = Release|Any CPU
		{408C8B79-4C25-4CC6-A497-54BDA2A291C0}.Release|Any CPU.Build.0 = Release|Any CPU
	EndGlobalSection
	GlobalSection(SolutionProperties) = preSolution
		HideSolutionNode = FALSE
	EndGlobalSection
	GlobalSection(ExtensibilityGlobals) = postSolution
		SolutionGuid = {E1396001-92A7-4FA7-BCAD-C5ECC7B9B4A1}
	EndGlobalSection
EndGlobal
